{
  "lockfile-version": 1,
  "manifest": {
    "version": 1,
    "install": {
      "nodejs": {
        "pkg-path": "nodejs"
      },
      "pnpm": {
        "pkg-path": "pnpm"
      }
    },
    "hook": {},
    "profile": {},
    "options": {
      "systems": [
        "aarch64-darwin",
        "aarch64-linux",
        "x86_64-darwin",
        "x86_64-linux"
      ],
      "allow": {
        "licenses": []
      },
      "semver": {}
    }
  },
  "packages": [
    {
      "attr_path": "nodejs",
      "broken": false,
      "derivation": "/nix/store/ph0df492h93aw404ny7wygw7phr12w1k-nodejs-22.12.0.drv",
      "description": "Event-driven I/O framework for the V8 JavaScript engine",
      "install_id": "nodejs",
      "license": "MIT",
      "locked_url": "https://github.com/flox/nixpkgs?rev=852ff1d9e153d8875a83602e03fdef8a63f0ecf8",
      "name": "nodejs-22.12.0",
      "pname": "nodejs",
      "rev": "852ff1d9e153d8875a83602e03fdef8a63f0ecf8",
      "rev_count": 744133,
      "rev_date": "2025-01-26T09:59:49Z",
      "scrape_date": "2025-01-27T03:28:00Z",
      "stabilities": [
        "unstable"
      ],
      "unfree": false,
      "version": "22.12.0",
      "outputs_to_install": [
        "out"
      ],
      "outputs": {
        "libv8": "/nix/store/hvpmcjbmsyknlpjjd7a8na891fv4a81i-nodejs-22.12.0-libv8",
        "out": "/nix/store/ygk01vha6k5zxgn9rsxi3k6cm2kbnwsc-nodejs-22.12.0"
      },
      "system": "aarch64-darwin",
      "group": "toplevel",
      "priority": 5
    },
    {
      "attr_path": "nodejs",
      "broken": false,
      "derivation": "/nix/store/dh2pdxgcv1sidzw0amd97mfbv91wwfkm-nodejs-22.12.0.drv",
      "description": "Event-driven I/O framework for the V8 JavaScript engine",
      "install_id": "nodejs",
      "license": "MIT",
      "locked_url": "https://github.com/flox/nixpkgs?rev=852ff1d9e153d8875a83602e03fdef8a63f0ecf8",
      "name": "nodejs-22.12.0",
      "pname": "nodejs",
      "rev": "852ff1d9e153d8875a83602e03fdef8a63f0ecf8",
      "rev_count": 744133,
      "rev_date": "2025-01-26T09:59:49Z",
      "scrape_date": "2025-01-27T03:28:00Z",
      "stabilities": [
        "unstable"
      ],
      "unfree": false,
      "version": "22.12.0",
      "outputs_to_install": [
        "out"
      ],
      "outputs": {
        "libv8": "/nix/store/48is8354i9qwj194id0ncczkvzvfqhim-nodejs-22.12.0-libv8",
        "out": "/nix/store/jdgrvyf5l99rzjayicxjw7i6p98r0rlb-nodejs-22.12.0"
      },
      "system": "aarch64-linux",
      "group": "toplevel",
      "priority": 5
    },
    {
      "attr_path": "nodejs",
      "broken": false,
      "derivation": "/nix/store/988jvb04086i472mmn3lvpmdcfxprxcm-nodejs-22.12.0.drv",
      "description": "Event-driven I/O framework for the V8 JavaScript engine",
      "install_id": "nodejs",
      "license": "MIT",
      "locked_url": "https://github.com/flox/nixpkgs?rev=852ff1d9e153d8875a83602e03fdef8a63f0ecf8",
      "name": "nodejs-22.12.0",
      "pname": "nodejs",
      "rev": "852ff1d9e153d8875a83602e03fdef8a63f0ecf8",
      "rev_count": 744133,
      "rev_date": "2025-01-26T09:59:49Z",
      "scrape_date": "2025-01-27T03:28:00Z",
      "stabilities": [
        "unstable"
      ],
      "unfree": false,
      "version": "22.12.0",
      "outputs_to_install": [
        "out"
      ],
      "outputs": {
        "libv8": "/nix/store/gvys8kz8pdw62ch2x7k25rrmcw3mqnrw-nodejs-22.12.0-libv8",
        "out": "/nix/store/6fnlali5gqihxs02adk1bdzjsya9cacp-nodejs-22.12.0"
      },
      "system": "x86_64-darwin",
      "group": "toplevel",
      "priority": 5
    },
    {
      "attr_path": "nodejs",
      "broken": false,
      "derivation": "/nix/store/gf4n659kg0yj9vkpqf3pvnkq1xv1pxaj-nodejs-22.12.0.drv",
      "description": "Event-driven I/O framework for the V8 JavaScript engine",
      "install_id": "nodejs",
      "license": "MIT",
      "locked_url": "https://github.com/flox/nixpkgs?rev=852ff1d9e153d8875a83602e03fdef8a63f0ecf8",
      "name": "nodejs-22.12.0",
      "pname": "nodejs",
      "rev": "852ff1d9e153d8875a83602e03fdef8a63f0ecf8",
      "rev_count": 744133,
      "rev_date": "2025-01-26T09:59:49Z",
      "scrape_date": "2025-01-27T03:28:00Z",
      "stabilities": [
        "unstable"
      ],
      "unfree": false,
      "version": "22.12.0",
      "outputs_to_install": [
        "out"
      ],
      "outputs": {
        "libv8": "/nix/store/n7x07hrc6sjhh6as6c75g15blq1c1ykh-nodejs-22.12.0-libv8",
        "out": "/nix/store/k1r91cjalyc2mzzllpv5hklhqn8wvgjr-nodejs-22.12.0"
      },
      "system": "x86_64-linux",
      "group": "toplevel",
      "priority": 5
    },
    {
      "attr_path": "pnpm",
      "broken": false,
      "derivation": "/nix/store/61iki9ixmf01dssk7hywr1lq4vfc1x31-pnpm-10.0.0.drv",
      "description": "Fast, disk space efficient package manager for JavaScript",
      "install_id": "pnpm",
      "license": "MIT",
      "locked_url": "https://github.com/flox/nixpkgs?rev=852ff1d9e153d8875a83602e03fdef8a63f0ecf8",
      "name": "pnpm-10.0.0",
      "pname": "pnpm",
      "rev": "852ff1d9e153d8875a83602e03fdef8a63f0ecf8",
      "rev_count": 744133,
      "rev_date": "2025-01-26T09:59:49Z",
      "scrape_date": "2025-01-27T03:28:00Z",
      "stabilities": [
        "unstable"
      ],
      "unfree": false,
      "version": "10.0.0",
      "outputs_to_install": [
        "out"
      ],
      "outputs": {
        "out": "/nix/store/vvszdngy5gwh8bg9pqppbjms7xcb2rfp-pnpm-10.0.0"
      },
      "system": "aarch64-darwin",
      "group": "toplevel",
      "priority": 5
    },
    {
      "attr_path": "pnpm",
      "broken": false,
      "derivation": "/nix/store/l6ysd1qshz9w0lhn8hffyjszz6d9lw49-pnpm-10.0.0.drv",
      "description": "Fast, disk space efficient package manager for JavaScript",
      "install_id": "pnpm",
      "license": "MIT",
      "locked_url": "https://github.com/flox/nixpkgs?rev=852ff1d9e153d8875a83602e03fdef8a63f0ecf8",
      "name": "pnpm-10.0.0",
      "pname": "pnpm",
      "rev": "852ff1d9e153d8875a83602e03fdef8a63f0ecf8",
      "rev_count": 744133,
      "rev_date": "2025-01-26T09:59:49Z",
      "scrape_date": "2025-01-27T03:28:00Z",
      "stabilities": [
        "unstable"
      ],
      "unfree": false,
      "version": "10.0.0",
      "outputs_to_install": [
        "out"
      ],
      "outputs": {
        "out": "/nix/store/g45486gkx6lgr0mkiizyqn0pxyi0x7kk-pnpm-10.0.0"
      },
      "system": "aarch64-linux",
      "group": "toplevel",
      "priority": 5
    },
    {
      "attr_path": "pnpm",
      "broken": false,
      "derivation": "/nix/store/r7whi0zar4g29n4bqlks1cm4fyq97jrm-pnpm-10.0.0.drv",
      "description": "Fast, disk space efficient package manager for JavaScript",
      "install_id": "pnpm",
      "license": "MIT",
      "locked_url": "https://github.com/flox/nixpkgs?rev=852ff1d9e153d8875a83602e03fdef8a63f0ecf8",
      "name": "pnpm-10.0.0",
      "pname": "pnpm",
      "rev": "852ff1d9e153d8875a83602e03fdef8a63f0ecf8",
      "rev_count": 744133,
      "rev_date": "2025-01-26T09:59:49Z",
      "scrape_date": "2025-01-27T03:28:00Z",
      "stabilities": [
        "unstable"
      ],
      "unfree": false,
      "version": "10.0.0",
      "outputs_to_install": [
        "out"
      ],
      "outputs": {
        "out": "/nix/store/f9h477jfn5wssqy6bvi897bl76kch7bd-pnpm-10.0.0"
      },
      "system": "x86_64-darwin",
      "group": "toplevel",
      "priority": 5
    },
    {
      "attr_path": "pnpm",
      "broken": false,
      "derivation": "/nix/store/h69xxdzfc8z9h2jm4vbhh4ji1fm4ylbb-pnpm-10.0.0.drv",
      "description": "Fast, disk space efficient package manager for JavaScript",
      "install_id": "pnpm",
      "license": "MIT",
      "locked_url": "https://github.com/flox/nixpkgs?rev=852ff1d9e153d8875a83602e03fdef8a63f0ecf8",
      "name": "pnpm-10.0.0",
      "pname": "pnpm",
      "rev": "852ff1d9e153d8875a83602e03fdef8a63f0ecf8",
      "rev_count": 744133,
      "rev_date": "2025-01-26T09:59:49Z",
      "scrape_date": "2025-01-27T03:28:00Z",
      "stabilities": [
        "unstable"
      ],
      "unfree": false,
      "version": "10.0.0",
      "outputs_to_install": [
        "out"
      ],
      "outputs": {
        "out": "/nix/store/w180l0g7agjl9cfcw4n5i0j308h1abwm-pnpm-10.0.0"
      },
      "system": "x86_64-linux",
      "group": "toplevel",
      "priority": 5
    }
  ]
}